
Microsoft Visual Studio Solution File, Format Version 12.00
# Visual Studio Version 17
VisualStudioVersion = 17.6.33829.357
MinimumVisualStudioVersion = 10.0.40219.1
Project("{FAE04EC0-301F-11D3-BF4B-00C04F79EFBC}") = "CSE412FinalProject", "CSE412FinalProject\CSE412FinalProject.csproj", "{A6F1BD33-1BC0-4460-B513-39885F650771}"
EndProject
Global
	GlobalSection(SolutionConfigurationPlatforms) = preSolution
		Debug|Any CPU = Debug|Any CPU
		Release|Any CPU = Release|Any CPU
	EndGlobalSection
	GlobalSection(ProjectConfigurationPlatforms) = postSolution
		{A6F1BD33-1BC0-4460-B513-39885F650771}.Debug|Any CPU.ActiveCfg = Debug|Any CPU
		{A6F1BD33-1BC0-4460-B513-39885F650771}.Debug|Any CPU.Build.0 = Debug|Any CPU
		{A6F1BD33-1BC0-4460-B513-39885F650771}.Release|Any CPU.ActiveCfg = Release|Any CPU
		{A6F1BD33-1BC0-4460-B513-39885F650771}.Release|Any CPU.Build.0 = Release|Any CPU
	EndGlobalSection
	GlobalSection(SolutionProperties) = preSolution
		HideSolutionNode = FALSE
	EndGlobalSection
	GlobalSection(ExtensibilityGlobals) = postSolution
		SolutionGuid = {1AF8015F-D844-42D2-B35C-643C95371971}
	EndGlobalSection
EndGlobal
